// !$*UTF8*$!
{
	archiveVersion = 1;
	classes = {
	};
	objectVersion = 50;
	objects = {

/* Begin PBXBuildFile section */
		76D5EF5B208861D40042E45B /* AppDelegate.m in Sources */ = {isa = PBXBuildFile; fileRef = 76D5EF5A208861D40042E45B /* AppDelegate.m */; };
		76D5EF5E208861D40042E45B /* ViewController.m in Sources */ = {isa = PBXBuildFile; fileRef = 76D5EF5D208861D40042E45B /* ViewController.m */; };
		76D5EF61208861D40042E45B /* Main.storyboard in Resources */ = {isa = PBXBuildFile; fileRef = 76D5EF5F208861D40042E45B /* Main.storyboard */; };
		76D5EF63208861FB0042E45B /* Assets.xcassets in Resources */ = {isa = PBXBuildFile; fileRef = 76D5EF62208861FB0042E45B /* Assets.xcassets */; };
		76D5EF66208861FB0042E45B /* LaunchScreen.storyboard in Resources */ = {isa = PBXBuildFile; fileRef = 76D5EF64208861FB0042E45B /* LaunchScreen.storyboard */; };
		76D5EF69208861FB0042E45B /* main.m in Sources */ = {isa = PBXBuildFile; fileRef = 76D5EF68208861FB0042E45B /* main.m */; };
		76D5EF712088623A0042E45B /* libsqlite3.tbd in Frameworks */ = {isa = PBXBuildFile; fileRef = 76D5EF702088623A0042E45B /* libsqlite3.tbd */; };
		76D5EF74208862B70042E45B /* DBManager.m in Sources */ = {isa = PBXBuildFile; fileRef = 76D5EF73208862B70042E45B /* DBManager.m */; };
		76D5EF762088B0A20042E45B /* peopleInfo.sqlite in Resources */ = {isa = PBXBuildFile; fileRef = 76D5EF752088B0A20042E45B /* peopleInfo.sqlite */; };
		76D5EF792088B7150042E45B /* EditInfoViewController.m in Sources */ = {isa = PBXBuildFile; fileRef = 76D5EF782088B7150042E45B /* EditInfoViewController.m */; };
/* End PBXBuildFile section */

/* Begin PBXFileReference section */
		76D5EF56208861D40042E45B /* SQLite3DBSample.app */ = {isa = PBXFileReference; explicitFileType = wrapper.application; includeInIndex = 0; path = SQLite3DBSample.app; sourceTree = BUILT_PRODUCTS_DIR; };
		76D5EF59208861D40042E45B /* AppDelegate.h */ = {isa = PBXFileReference; lastKnownFileType = sourcecode.c.h; path = AppDelegate.h; sourceTree = "<group>"; };
		76D5EF5A208861D40042E45B /* AppDelegate.m */ = {isa = PBXFileReference; lastKnownFileType = sourcecode.c.objc; path = AppDelegate.m; sourceTree = "<group>"; };
		76D5EF5C208861D40042E45B /* ViewController.h */ = {isa = PBXFileReference; lastKnownFileType = sourcecode.c.h; path = ViewController.h; sourceTree = "<group>"; };
		76D5EF5D208861D40042E45B /* ViewController.m */ = {isa = PBXFileReference; lastKnownFileType = sourcecode.c.objc; path = ViewController.m; sourceTree = "<group>"; };
		76D5EF60208861D40042E45B /* Base */ = {isa = PBXFileReference; lastKnownFileType = file.storyboard; name = Base; path = Base.lproj/Main.storyboard; sourceTree = "<group>"; };
		76D5EF62208861FB0042E45B /* Assets.xcassets */ = {isa = PBXFileReference; lastKnownFileType = folder.assetcatalog; path = Assets.xcassets; sourceTree = "<group>"; };
		76D5EF65208861FB0042E45B /* Base */ = {isa = PBXFileReference; lastKnownFileType = file.storyboard; name = Base; path = Base.lproj/LaunchScreen.storyboard; sourceTree = "<group>"; };
		76D5EF67208861FB0042E45B /* Info.plist */ = {isa = PBXFileReference; lastKnownFileType = text.plist.xml; path = Info.plist; sourceTree = "<group>"; };
		76D5EF68208861FB0042E45B /* main.m */ = {isa = PBXFileReference; lastKnownFileType = sourcecode.c.objc; path = main.m; sourceTree = "<group>"; };
		76D5EF702088623A0042E45B /* libsqlite3.tbd */ = {isa = PBXFileReference; lastKnownFileType = "sourcecode.text-based-dylib-definition"; name = libsqlite3.tbd; path = usr/lib/libsqlite3.tbd; sourceTree = SDKROOT; };
		76D5EF72208862B70042E45B /* DBManager.h */ = {isa = PBXFileReference; lastKnownFileType = sourcecode.c.h; path = DBManager.h; sourceTree = "<group>"; };
		76D5EF73208862B70042E45B /* DBManager.m */ = {isa = PBXFileReference; lastKnownFileType = sourcecode.c.objc; path = DBManager.m; sourceTree = "<group>"; };
		76D5EF752088B0A20042E45B /* peopleInfo.sqlite */ = {isa = PBXFileReference; lastKnownFileType = file; path = peopleInfo.sqlite; sourceTree = "<group>"; };
		76D5EF772088B7150042E45B /* EditInfoViewController.h */ = {isa = PBXFileReference; lastKnownFileType = sourcecode.c.h; path = EditInfoViewController.h; sourceTree = "<group>"; };
		76D5EF782088B7150042E45B /* EditInfoViewController.m */ = {isa = PBXFileReference; lastKnownFileType = sourcecode.c.objc; path = EditInfoViewController.m; sourceTree = "<group>"; };
/* End PBXFileReference section */

/* Begin PBXFrameworksBuildPhase section */
		76D5EF53208861D40042E45B /* Frameworks */ = {
			isa = PBXFrameworksBuildPhase;
			buildActionMask = 2147483647;
			files = (
				76D5EF712088623A0042E45B /* libsqlite3.tbd in Frameworks */,
			);
			runOnlyForDeploymentPostprocessing = 0;
		};
/* End PBXFrameworksBuildPhase section */

/* Begin PBXGroup section */
		76D5EF4D208861D40042E45B = {
			isa = PBXGroup;
			children = (
				76D5EF58208861D40042E45B /* SQLite3DBSample */,
				76D5EF57208861D40042E45B /* Products */,
				76D5EF6F2088623A0042E45B /* Frameworks */,
			);
			sourceTree = "<group>";
		};
		76D5EF57208861D40042E45B /* Products */ = {
			isa = PBXGroup;
			children = (
				76D5EF56208861D40042E45B /* SQLite3DBSample.app */,
			);
			name = Products;
			sourceTree = "<group>";
		};
		76D5EF58208861D40042E45B /* SQLite3DBSample */ = {
			isa = PBXGroup;
			children = (
				76D5EF752088B0A20042E45B /* peopleInfo.sqlite */,
				76D5EF59208861D40042E45B /* AppDelegate.h */,
				76D5EF5A208861D40042E45B /* AppDelegate.m */,
				76D5EF5C208861D40042E45B /* ViewController.h */,
				76D5EF5D208861D40042E45B /* ViewController.m */,
				76D5EF5F208861D40042E45B /* Main.storyboard */,
				76D5EF772088B7150042E45B /* EditInfoViewController.h */,
				76D5EF782088B7150042E45B /* EditInfoViewController.m */,
				76D5EF62208861FB0042E45B /* Assets.xcassets */,
				76D5EF64208861FB0042E45B /* LaunchScreen.storyboard */,
				76D5EF67208861FB0042E45B /* Info.plist */,
				76D5EF68208861FB0042E45B /* main.m */,
				76D5EF72208862B70042E45B /* DBManager.h */,
				76D5EF73208862B70042E45B /* DBManager.m */,
			);
			path = SQLite3DBSample;
			sourceTree = "<group>";
		};
		76D5EF6F2088623A0042E45B /* Frameworks */ = {
			isa = PBXGroup;
			children = (
				76D5EF702088623A0042E45B /* libsqlite3.tbd */,
			);
			name = Frameworks;
			sourceTree = "<group>";
		};
/* End PBXGroup section */

/* Begin PBXNativeTarget section */
		76D5EF55208861D40042E45B /* SQLite3DBSample */ = {
			isa = PBXNativeTarget;
			buildConfigurationList = 76D5EF6C208861FB0042E45B /* Build configuration list for PBXNativeTarget "SQLite3DBSample" */;
			buildPhases = (
				76D5EF52208861D40042E45B /* Sources */,
				76D5EF53208861D40042E45B /* Frameworks */,
				76D5EF54208861D40042E45B /* Resources */,
			);
			buildRules = (
			);
			dependencies = (
			);
			name = SQLite3DBSample;
			productName = SQLite3DBSample;
			productReference = 76D5EF56208861D40042E45B /* SQLite3DBSample.app */;
			productType = "com.apple.product-type.application";
		};
/* End PBXNativeTarget section */

/* Begin PBXProject section */
		76D5EF4E208861D40042E45B /* Project object */ = {
			isa = PBXProject;
			attributes = {
				LastUpgradeCheck = 0930;
				ORGANIZATIONNAME = ith;
				TargetAttributes = {
					76D5EF55208861D40042E45B = {
						CreatedOnToolsVersion = 9.3;
					};
				};
			};
			buildConfigurationList = 76D5EF51208861D40042E45B /* Build configuration list for PBXProject "SQLite3DBSample" */;
			compatibilityVersion = "Xcode 9.3";
			developmentRegion = en;
			hasScannedForEncodings = 0;
			knownRegions = (
				en,
				Base,
			);
			mainGroup = 76D5EF4D208861D40042E45B;
			productRefGroup = 76D5EF57208861D40042E45B /* Products */;
			projectDirPath = "";
			projectRoot = "";
			targets = (
				76D5EF55208861D40042E45B /* SQLite3DBSample */,
			);
		};
/* End PBXProject section */

/* Begin PBXResourcesBuildPhase section */
		76D5EF54208861D40042E45B /* Resources */ = {
			isa = PBXResourcesBuildPhase;
			buildActionMask = 2147483647;
			files = (
				76D5EF66208861FB0042E45B /* LaunchScreen.storyboard in Resources */,
				76D5EF63208861FB0042E45B /* Assets.xcassets in Resources */,
				76D5EF762088B0A20042E45B /* peopleInfo.sqlite in Resources */,
				76D5EF61208861D40042E45B /* Main.storyboard in Resources */,
			);
			runOnlyForDeploymentPostprocessing = 0;
		};
/* End PBXResourcesBuildPhase section */

/* Begin PBXSourcesBuildPhase section */
		76D5EF52208861D40042E45B /* Sources */ = {
			isa = PBXSourcesBuildPhase;
			buildActionMask = 2147483647;
			files = (
				76D5EF792088B7150042E45B /* EditInfoViewController.m in Sources */,
				76D5EF5E208861D40042E45B /* ViewController.m in Sources */,
				76D5EF69208861FB0042E45B /* main.m in Sources */,
				76D5EF5B208861D40042E45B /* AppDelegate.m in Sources */,
				76D5EF74208862B70042E45B /* DBManager.m in Sources */,
			);
			runOnlyForDeploymentPostprocessing = 0;
		};
/* End PBXSourcesBuildPhase section */

/* Begin PBXVariantGroup section */
		76D5EF5F208861D40042E45B /* Main.storyboard */ = {
			isa = PBXVariantGroup;
			children = (
				76D5EF60208861D40042E45B /* Base */,
			);
			name = Main.storyboard;
			sourceTree = "<group>";
		};
		76D5EF64208861FB0042E45B /* LaunchScreen.storyboard */ = {
			isa = PBXVariantGroup;
			children = (
				76D5EF65208861FB0042E45B /* Base */,
			);
			name = LaunchScreen.storyboard;
			sourceTree = "<group>";
		};
/* End PBXVariantGroup section */

/* Begin XCBuildConfiguration section */
		76D5EF6A208861FB0042E45B /* Debug */ = {
			isa = XCBuildConfiguration;
			buildSettings = {
				ALWAYS_SEARCH_USER_PATHS = NO;
				CLANG_ANALYZER_NONNULL = YES;
				CLANG_ANALYZER_NUMBER_OBJECT_CONVERSION = YES_AGGRESSIVE;
				CLANG_CXX_LANGUAGE_STANDARD = "gnu++14";
				CLANG_CXX_LIBRARY = "libc++";
				CLANG_ENABLE_MODULES = YES;
				CLANG_ENABLE_OBJC_ARC = YES;
				CLANG_ENABLE_OBJC_WEAK = YES;
				CLANG_WARN_BLOCK_CAPTURE_AUTORELEASING = YES;
				CLANG_WARN_BOOL_CONVERSION = YES;
				CLANG_WARN_COMMA = YES;
				CLANG_WARN_CONSTANT_CONVERSION = YES;
				CLANG_WARN_DEPRECATED_OBJC_IMPLEMENTATIONS = YES;
				CLANG_WARN_DIRECT_OBJC_ISA_USAGE = YES_ERROR;
				CLANG_WARN_DOCUMENTATION_COMMENTS = YES;
				CLANG_WARN_EMPTY_BODY = YES;
				CLANG_WARN_ENUM_CONVERSION = YES;
				CLANG_WARN_INFINITE_RECURSION = YES;
				CLANG_WARN_INT_CONVERSION = YES;
				CLANG_WARN_NON_LITERAL_NULL_CONVERSION = YES;
				CLANG_WARN_OBJC_IMPLICIT_RETAIN_SELF = YES;
				CLANG_WARN_OBJC_LITERAL_CONVERSION = YES;
				CLANG_WARN_OBJC_ROOT_CLASS = YES_ERROR;
				CLANG_WARN_RANGE_LOOP_ANALYSIS = YES;
				CLANG_WARN_STRICT_PROTOTYPES = YES;
				CLANG_WARN_SUSPICIOUS_MOVE = YES;
				CLANG_WARN_UNGUARDED_AVAILABILITY = YES_AGGRESSIVE;
				CLANG_WARN_UNREACHABLE_CODE = YES;
				CLANG_WARN__DUPLICATE_METHOD_MATCH = YES;
				CODE_SIGN_IDENTITY = "iPhone Developer";
				COPY_PHASE_STRIP = NO;
				DEBUG_INFORMATION_FORMAT = dwarf;
				ENABLE_STRICT_OBJC_MSGSEND = YES;
				ENABLE_TESTABILITY = YES;
				GCC_C_LANGUAGE_STANDARD = gnu11;
				GCC_DYNAMIC_NO_PIC = NO;
				GCC_NO_COMMON_BLOCKS = YES;
				GCC_OPTIMIZATION_LEVEL = 0;
				GCC_PREPROCESSOR_DEFINITIONS = (
					"DEBUG=1",
					"$(inherited)",
				);
				GCC_WARN_64_TO_32_BIT_CONVERSION = YES;
				GCC_WARN_ABOUT_RETURN_TYPE = YES_ERROR;
				GCC_WARN_UNDECLARED_SELECTOR = YES;
				GCC_WARN_UNINITIALIZED_AUTOS = YES_AGGRESSIVE;
				GCC_WARN_UNUSED_FUNCTION = YES;
				GCC_WARN_UNUSED_VARIABLE = YES;
				IPHONEOS_DEPLOYMENT_TARGET = 11.3;
				MTL_ENABLE_DEBUG_INFO = YES;
				ONLY_ACTIVE_ARCH = YES;
				SDKROOT = iphoneos;
			};
			name = Debug;
		};
		76D5EF6B208861FB0042E45B /* Release */ = {
			isa = XCBuildConfiguration;
			buildSettings = {
				ALWAYS_SEARCH_USER_PATHS = NO;
				CLANG_ANALYZER_NONNULL = YES;
				CLANG_ANALYZER_NUMBER_OBJECT_CONVERSION = YES_AGGRESSIVE;
				CLANG_CXX_LANGUAGE_STANDARD = "gnu++14";
				CLANG_CXX_LIBRARY = "libc++";
				CLANG_ENABLE_MODULES = YES;
				CLANG_ENABLE_OBJC_ARC = YES;
				CLANG_ENABLE_OBJC_WEAK = YES;
				CLANG_WARN_BLOCK_CAPTURE_AUTORELEASING = YES;
				CLANG_WARN_BOOL_CONVERSION = YES;
				CLANG_WARN_COMMA = YES;
				CLANG_WARN_CONSTANT_CONVERSION = YES;
				CLANG_WARN_DEPRECATED_OBJC_IMPLEMENTATIONS = YES;
				CLANG_WARN_DIRECT_OBJC_ISA_USAGE = YES_ERROR;
				CLANG_WARN_DOCUMENTATION_COMMENTS = YES;
				CLANG_WARN_EMPTY_BODY = YES;
				CLANG_WARN_ENUM_CONVERSION = YES;
				CLANG_WARN_INFINITE_RECURSION = YES;
				CLANG_WARN_INT_CONVERSION = YES;
				CLANG_WARN_NON_LITERAL_NULL_CONVERSION = YES;
				CLANG_WARN_OBJC_IMPLICIT_RETAIN_SELF = YES;
				CLANG_WARN_OBJC_LITERAL_CONVERSION = YES;
				CLANG_WARN_OBJC_ROOT_CLASS = YES_ERROR;
				CLANG_WARN_RANGE_LOOP_ANALYSIS = YES;
				CLANG_WARN_STRICT_PROTOTYPES = YES;
				CLANG_WARN_SUSPICIOUS_MOVE = YES;
				CLANG_WARN_UNGUARDED_AVAILABILITY = YES_AGGRESSIVE;
				CLANG_WARN_UNREACHABLE_CODE = YES;
				CLANG_WARN__DUPLICATE_METHOD_MATCH = YES;
				CODE_SIGN_IDENTITY = "iPhone Developer";
				COPY_PHASE_STRIP = NO;
				DEBUG_INFORMATION_FORMAT = "dwarf-with-dsym";
				ENABLE_NS_ASSERTIONS = NO;
				ENABLE_STRICT_OBJC_MSGSEND = YES;
				GCC_C_LANGUAGE_STANDARD = gnu11;
				GCC_NO_COMMON_BLOCKS = YES;
				GCC_WARN_64_TO_32_BIT_CONVERSION = YES;
				GCC_WARN_ABOUT_RETURN_TYPE = YES_ERROR;
				GCC_WARN_UNDECLARED_SELECTOR = YES;
				GCC_WARN_UNINITIALIZED_AUTOS = YES_AGGRESSIVE;
				GCC_WARN_UNUSED_FUNCTION = YES;
				GCC_WARN_UNUSED_VARIABLE = YES;
				IPHONEOS_DEPLOYMENT_TARGET = 11.3;
				MTL_ENABLE_DEBUG_INFO = NO;
				SDKROOT = iphoneos;
				VALIDATE_PRODUCT = YES;
			};
			name = Release;
		};
		76D5EF6D208861FB0042E45B /* Debug */ = {
			isa = XCBuildConfiguration;
			buildSettings = {
				ASSETCATALOG_COMPILER_APPICON_NAME = AppIcon;
				CODE_SIGN_STYLE = Automatic;
				DEVELOPMENT_TEAM = Z4659G825T;
				INFOPLIST_FILE = SQLite3DBSample/Info.plist;
				LD_RUNPATH_SEARCH_PATHS = (
					"$(inherited)",
					"@executable_path/Frameworks",
				);
				PRODUCT_BUNDLE_IDENTIFIER = com.procit.SQLite3DBSample;
				PRODUCT_NAME = "$(TARGET_NAME)";
				TARGETED_DEVICE_FAMILY = "1,2";
			};
			name = Debug;
		};
		76D5EF6E208861FB0042E45B /* Release */ = {
			isa = XCBuildConfiguration;
			buildSettings = {
				ASSETCATALOG_COMPILER_APPICON_NAME = AppIcon;
				CODE_SIGN_STYLE = Automatic;
				DEVELOPMENT_TEAM = Z4659G825T;
				INFOPLIST_FILE = SQLite3DBSample/Info.plist;
				LD_RUNPATH_SEARCH_PATHS = (
					"$(inherited)",
					"@executable_path/Frameworks",
				);
				PRODUCT_BUNDLE_IDENTIFIER = com.procit.SQLite3DBSample;
				PRODUCT_NAME = "$(TARGET_NAME)";
				TARGETED_DEVICE_FAMILY = "1,2";
			};
			name = Release;
		};
/* End XCBuildConfiguration section */

/* Begin XCConfigurationList section */
		76D5EF51208861D40042E45B /* Build configuration list for PBXProject "SQLite3DBSample" */ = {
			isa = XCConfigurationList;
			buildConfigurations = (
				76D5EF6A208861FB0042E45B /* Debug */,
				76D5EF6B208861FB0042E45B /* Release */,
			);
			defaultConfigurationIsVisible = 0;
			defaultConfigurationName = Release;
		};
		76D5EF6C208861FB0042E45B /* Build configuration list for PBXNativeTarget "SQLite3DBSample" */ = {
			isa = XCConfigurationList;
			buildConfigurations = (
				76D5EF6D208861FB0042E45B /* Debug */,
				76D5EF6E208861FB0042E45B /* Release */,
			);
			defaultConfigurationIsVisible = 0;
			defaultConfigurationName = Release;
		};
/* End XCConfigurationList section */
	};
	rootObject = 76D5EF4E208861D40042E45B /* Project object */;
}
